// !$*UTF8*$!
{
	archiveVersion = 1;
	classes = {
	};
	objectVersion = 46;
	objects = {

/* Begin PBXBuildFile section */
		4906195A1566E7D30088D940 /* UIKit.framework in Frameworks */ = {isa = PBXBuildFile; fileRef = 490619591566E7D30088D940 /* UIKit.framework */; };
		4906195C1566E7D30088D940 /* Foundation.framework in Frameworks */ = {isa = PBXBuildFile; fileRef = 4906195B1566E7D30088D940 /* Foundation.framework */; };
		4906195E1566E7D30088D940 /* CoreGraphics.framework in Frameworks */ = {isa = PBXBuildFile; fileRef = 4906195D1566E7D30088D940 /* CoreGraphics.framework */; };
		490619641566E7D30088D940 /* InfoPlist.strings in Resources */ = {isa = PBXBuildFile; fileRef = 490619621566E7D30088D940 /* InfoPlist.strings */; };
		490619661566E7D30088D940 /* main.m in Sources */ = {isa = PBXBuildFile; fileRef = 490619651566E7D30088D940 /* main.m */; };
		4906196A1566E7D30088D940 /* AppDelegate.m in Sources */ = {isa = PBXBuildFile; fileRef = 490619691566E7D30088D940 /* AppDelegate.m */; };
		4906196D1566E7D30088D940 /* MainStoryboard.storyboard in Resources */ = {isa = PBXBuildFile; fileRef = 4906196B1566E7D30088D940 /* MainStoryboard.storyboard */; };
		490619701566E7D30088D940 /* AccountViewController.m in Sources */ = {isa = PBXBuildFile; fileRef = 4906196F1566E7D30088D940 /* AccountViewController.m */; };
		490619731566E7D30088D940 /* TrendsViewController.m in Sources */ = {isa = PBXBuildFile; fileRef = 490619721566E7D30088D940 /* TrendsViewController.m */; };
		4906197B1566E7D40088D940 /* SenTestingKit.framework in Frameworks */ = {isa = PBXBuildFile; fileRef = 4906197A1566E7D40088D940 /* SenTestingKit.framework */; };
		4906197C1566E7D40088D940 /* UIKit.framework in Frameworks */ = {isa = PBXBuildFile; fileRef = 490619591566E7D30088D940 /* UIKit.framework */; };
		4906197D1566E7D40088D940 /* Foundation.framework in Frameworks */ = {isa = PBXBuildFile; fileRef = 4906195B1566E7D30088D940 /* Foundation.framework */; };
		490619851566E7D40088D940 /* InfoPlist.strings in Resources */ = {isa = PBXBuildFile; fileRef = 490619831566E7D40088D940 /* InfoPlist.strings */; };
		490619881566E7D40088D940 /* StwitterTests.m in Sources */ = {isa = PBXBuildFile; fileRef = 490619871566E7D40088D940 /* StwitterTests.m */; };
		490619921566ED630088D940 /* Twitter.framework in Frameworks */ = {isa = PBXBuildFile; fileRef = 490619911566ED630088D940 /* Twitter.framework */; };
		490619941566EECE0088D940 /* Accounts.framework in Frameworks */ = {isa = PBXBuildFile; fileRef = 490619931566EECE0088D940 /* Accounts.framework */; };
		4950C375157C486900CA7570 /* libSlidingMenu.a in Frameworks */ = {isa = PBXBuildFile; fileRef = 4950C370157C46AF00CA7570 /* libSlidingMenu.a */; };
		49BB55CB156B18B600E1285D /* Default@2x.png in Resources */ = {isa = PBXBuildFile; fileRef = 49BB55CA156B18B600E1285D /* Default@2x.png */; };
		49BB55CD156B18BF00E1285D /* Default.png in Resources */ = {isa = PBXBuildFile; fileRef = 49BB55CC156B18BF00E1285D /* Default.png */; };
		49BB55D6156B25C300E1285D /* Icon.png in Resources */ = {isa = PBXBuildFile; fileRef = 49BB55D5156B25C300E1285D /* Icon.png */; };
		49BB55E1156BF8D700E1285D /* Tweet.m in Sources */ = {isa = PBXBuildFile; fileRef = 49BB55E0156BF8D700E1285D /* Tweet.m */; };
		49BB55E4156BFF4600E1285D /* Trend.m in Sources */ = {isa = PBXBuildFile; fileRef = 49BB55E3156BFF4600E1285D /* Trend.m */; };
		49BB55EF156C16F000E1285D /* FilteredTwitterStream.m in Sources */ = {isa = PBXBuildFile; fileRef = 49BB55EA156C16F000E1285D /* FilteredTwitterStream.m */; };
		49BB55F0156C16F000E1285D /* TrendsFetcher.m in Sources */ = {isa = PBXBuildFile; fileRef = 49BB55EC156C16F000E1285D /* TrendsFetcher.m */; };
		49BB55F1156C16F000E1285D /* TwitterStream.m in Sources */ = {isa = PBXBuildFile; fileRef = 49BB55EE156C16F000E1285D /* TwitterStream.m */; };
		49C3BBEC158D2373003E196A /* TrendsTableViewController.m in Sources */ = {isa = PBXBuildFile; fileRef = 49C3BBEB158D2373003E196A /* TrendsTableViewController.m */; };
		49C3BBEF158D51D8003E196A /* SearchTabBarViewController.m in Sources */ = {isa = PBXBuildFile; fileRef = 49C3BBEE158D51D8003E196A /* SearchTabBarViewController.m */; };
		49C3BBF2158D5661003E196A /* SearchViewController.m in Sources */ = {isa = PBXBuildFile; fileRef = 49C3BBF1158D5661003E196A /* SearchViewController.m */; };
		49E7F70F1569A17C009AAA16 /* StreamTableViewController.m in Sources */ = {isa = PBXBuildFile; fileRef = 49E7F70E1569A17C009AAA16 /* StreamTableViewController.m */; };
		49E7F733156AD544009AAA16 /* MapKit.framework in Frameworks */ = {isa = PBXBuildFile; fileRef = 49E7F732156AD544009AAA16 /* MapKit.framework */; };
		49E7F735156AD54A009AAA16 /* ImageIO.framework in Frameworks */ = {isa = PBXBuildFile; fileRef = 49E7F734156AD54A009AAA16 /* ImageIO.framework */; };
/* End PBXBuildFile section */

/* Begin PBXContainerItemProxy section */
		4906197E1566E7D40088D940 /* PBXContainerItemProxy */ = {
			isa = PBXContainerItemProxy;
			containerPortal = 4906194C1566E7D30088D940 /* Project object */;
			proxyType = 1;
			remoteGlobalIDString = 490619541566E7D30088D940;
			remoteInfo = Stwitter;
		};
		4950C36F157C46AF00CA7570 /* PBXContainerItemProxy */ = {
			isa = PBXContainerItemProxy;
			containerPortal = 4950C368157C46AE00CA7570 /* SlidingMenu.xcodeproj */;
			proxyType = 2;
			remoteGlobalIDString = 4950C321157C378600CA7570;
			remoteInfo = SlidingMenu;
		};
		4950C373157C486100CA7570 /* PBXContainerItemProxy */ = {
			isa = PBXContainerItemProxy;
			containerPortal = 4950C368157C46AE00CA7570 /* SlidingMenu.xcodeproj */;
			proxyType = 1;
			remoteGlobalIDString = 4950C320157C378600CA7570;
			remoteInfo = SlidingMenu;
		};
		49E7F764156ADE0C009AAA16 /* PBXContainerItemProxy */ = {
			isa = PBXContainerItemProxy;
			containerPortal = 49E7F75C156ADE0B009AAA16 /* SDWebImage.xcodeproj */;
			proxyType = 2;
			remoteGlobalIDString = 53922D6F148C55820056699D;
			remoteInfo = SDWebImage;
		};
		49E7F766156ADE0C009AAA16 /* PBXContainerItemProxy */ = {
			isa = PBXContainerItemProxy;
			containerPortal = 49E7F75C156ADE0B009AAA16 /* SDWebImage.xcodeproj */;
			proxyType = 2;
			remoteGlobalIDString = 53761325155AD0D5005750A4;
			remoteInfo = "SDWebImage ARC";
		};
/* End PBXContainerItemProxy section */

/* Begin PBXFileReference section */
		490619551566E7D30088D940 /* Stwitter.app */ = {isa = PBXFileReference; explicitFileType = wrapper.application; includeInIndex = 0; path = Stwitter.app; sourceTree = BUILT_PRODUCTS_DIR; };
		490619591566E7D30088D940 /* UIKit.framework */ = {isa = PBXFileReference; lastKnownFileType = wrapper.framework; name = UIKit.framework; path = System/Library/Frameworks/UIKit.framework; sourceTree = SDKROOT; };
		4906195B1566E7D30088D940 /* Foundation.framework */ = {isa = PBXFileReference; lastKnownFileType = wrapper.framework; name = Foundation.framework; path = System/Library/Frameworks/Foundation.framework; sourceTree = SDKROOT; };
		4906195D1566E7D30088D940 /* CoreGraphics.framework */ = {isa = PBXFileReference; lastKnownFileType = wrapper.framework; name = CoreGraphics.framework; path = System/Library/Frameworks/CoreGraphics.framework; sourceTree = SDKROOT; };
		490619611566E7D30088D940 /* Stwitter-Info.plist */ = {isa = PBXFileReference; lastKnownFileType = text.plist.xml; path = "Stwitter-Info.plist"; sourceTree = "<group>"; };
		490619631566E7D30088D940 /* en */ = {isa = PBXFileReference; lastKnownFileType = text.plist.strings; name = en; path = en.lproj/InfoPlist.strings; sourceTree = "<group>"; };
		490619651566E7D30088D940 /* main.m */ = {isa = PBXFileReference; lastKnownFileType = sourcecode.c.objc; path = main.m; sourceTree = "<group>"; };
		490619671566E7D30088D940 /* Stwitter-Prefix.pch */ = {isa = PBXFileReference; lastKnownFileType = sourcecode.c.h; path = "Stwitter-Prefix.pch"; sourceTree = "<group>"; };
		490619681566E7D30088D940 /* AppDelegate.h */ = {isa = PBXFileReference; lastKnownFileType = sourcecode.c.h; path = AppDelegate.h; sourceTree = "<group>"; };
		490619691566E7D30088D940 /* AppDelegate.m */ = {isa = PBXFileReference; lastKnownFileType = sourcecode.c.objc; path = AppDelegate.m; sourceTree = "<group>"; };
		4906196C1566E7D30088D940 /* en */ = {isa = PBXFileReference; lastKnownFileType = file.storyboard; name = en; path = en.lproj/MainStoryboard.storyboard; sourceTree = "<group>"; };
		4906196E1566E7D30088D940 /* AccountViewController.h */ = {isa = PBXFileReference; lastKnownFileType = sourcecode.c.h; path = AccountViewController.h; sourceTree = "<group>"; };
		4906196F1566E7D30088D940 /* AccountViewController.m */ = {isa = PBXFileReference; lastKnownFileType = sourcecode.c.objc; path = AccountViewController.m; sourceTree = "<group>"; };
		490619711566E7D30088D940 /* TrendsViewController.h */ = {isa = PBXFileReference; lastKnownFileType = sourcecode.c.h; path = TrendsViewController.h; sourceTree = "<group>"; };
		490619721566E7D30088D940 /* TrendsViewController.m */ = {isa = PBXFileReference; lastKnownFileType = sourcecode.c.objc; path = TrendsViewController.m; sourceTree = "<group>"; };
		490619791566E7D40088D940 /* StwitterTests.octest */ = {isa = PBXFileReference; explicitFileType = wrapper.cfbundle; includeInIndex = 0; path = StwitterTests.octest; sourceTree = BUILT_PRODUCTS_DIR; };
		4906197A1566E7D40088D940 /* SenTestingKit.framework */ = {isa = PBXFileReference; lastKnownFileType = wrapper.framework; name = SenTestingKit.framework; path = Library/Frameworks/SenTestingKit.framework; sourceTree = DEVELOPER_DIR; };
		490619821566E7D40088D940 /* StwitterTests-Info.plist */ = {isa = PBXFileReference; lastKnownFileType = text.plist.xml; path = "StwitterTests-Info.plist"; sourceTree = "<group>"; };
		490619841566E7D40088D940 /* en */ = {isa = PBXFileReference; lastKnownFileType = text.plist.strings; name = en; path = en.lproj/InfoPlist.strings; sourceTree = "<group>"; };
		490619861566E7D40088D940 /* StwitterTests.h */ = {isa = PBXFileReference; lastKnownFileType = sourcecode.c.h; path = StwitterTests.h; sourceTree = "<group>"; };
		490619871566E7D40088D940 /* StwitterTests.m */ = {isa = PBXFileReference; lastKnownFileType = sourcecode.c.objc; path = StwitterTests.m; sourceTree = "<group>"; };
		490619911566ED630088D940 /* Twitter.framework */ = {isa = PBXFileReference; lastKnownFileType = wrapper.framework; name = Twitter.framework; path = System/Library/Frameworks/Twitter.framework; sourceTree = SDKROOT; };
		490619931566EECE0088D940 /* Accounts.framework */ = {isa = PBXFileReference; lastKnownFileType = wrapper.framework; name = Accounts.framework; path = System/Library/Frameworks/Accounts.framework; sourceTree = SDKROOT; };
		4950C368157C46AE00CA7570 /* SlidingMenu.xcodeproj */ = {isa = PBXFileReference; lastKnownFileType = "wrapper.pb-project"; name = SlidingMenu.xcodeproj; path = ../SlidingMenuViewController/SlidingMenu/SlidingMenu.xcodeproj; sourceTree = "<group>"; };
		49BB55CA156B18B600E1285D /* Default@2x.png */ = {isa = PBXFileReference; lastKnownFileType = image.png; path = "Default@2x.png"; sourceTree = "<group>"; };
		49BB55CC156B18BF00E1285D /* Default.png */ = {isa = PBXFileReference; lastKnownFileType = image.png; path = Default.png; sourceTree = "<group>"; };
		49BB55D5156B25C300E1285D /* Icon.png */ = {isa = PBXFileReference; lastKnownFileType = image.png; path = Icon.png; sourceTree = "<group>"; };
		49BB55DF156BF8D700E1285D /* Tweet.h */ = {isa = PBXFileReference; fileEncoding = 4; lastKnownFileType = sourcecode.c.h; path = Tweet.h; sourceTree = "<group>"; };
		49BB55E0156BF8D700E1285D /* Tweet.m */ = {isa = PBXFileReference; fileEncoding = 4; lastKnownFileType = sourcecode.c.objc; path = Tweet.m; sourceTree = "<group>"; };
		49BB55E2156BFF4600E1285D /* Trend.h */ = {isa = PBXFileReference; fileEncoding = 4; lastKnownFileType = sourcecode.c.h; path = Trend.h; sourceTree = "<group>"; };
		49BB55E3156BFF4600E1285D /* Trend.m */ = {isa = PBXFileReference; fileEncoding = 4; lastKnownFileType = sourcecode.c.objc; path = Trend.m; sourceTree = "<group>"; };
		49BB55E9156C16F000E1285D /* FilteredTwitterStream.h */ = {isa = PBXFileReference; fileEncoding = 4; lastKnownFileType = sourcecode.c.h; path = FilteredTwitterStream.h; sourceTree = "<group>"; };
		49BB55EA156C16F000E1285D /* FilteredTwitterStream.m */ = {isa = PBXFileReference; fileEncoding = 4; lastKnownFileType = sourcecode.c.objc; path = FilteredTwitterStream.m; sourceTree = "<group>"; };
		49BB55EB156C16F000E1285D /* TrendsFetcher.h */ = {isa = PBXFileReference; fileEncoding = 4; lastKnownFileType = sourcecode.c.h; path = TrendsFetcher.h; sourceTree = "<group>"; };
		49BB55EC156C16F000E1285D /* TrendsFetcher.m */ = {isa = PBXFileReference; fileEncoding = 4; lastKnownFileType = sourcecode.c.objc; path = TrendsFetcher.m; sourceTree = "<group>"; };
		49BB55ED156C16F000E1285D /* TwitterStream.h */ = {isa = PBXFileReference; fileEncoding = 4; lastKnownFileType = sourcecode.c.h; path = TwitterStream.h; sourceTree = "<group>"; };
		49BB55EE156C16F000E1285D /* TwitterStream.m */ = {isa = PBXFileReference; fileEncoding = 4; lastKnownFileType = sourcecode.c.objc; path = TwitterStream.m; sourceTree = "<group>"; };
		49C3BBEA158D2373003E196A /* TrendsTableViewController.h */ = {isa = PBXFileReference; fileEncoding = 4; lastKnownFileType = sourcecode.c.h; path = TrendsTableViewController.h; sourceTree = "<group>"; };
		49C3BBEB158D2373003E196A /* TrendsTableViewController.m */ = {isa = PBXFileReference; fileEncoding = 4; lastKnownFileType = sourcecode.c.objc; path = TrendsTableViewController.m; sourceTree = "<group>"; };
		49C3BBED158D51D8003E196A /* SearchTabBarViewController.h */ = {isa = PBXFileReference; fileEncoding = 4; lastKnownFileType = sourcecode.c.h; path = SearchTabBarViewController.h; sourceTree = "<group>"; };
		49C3BBEE158D51D8003E196A /* SearchTabBarViewController.m */ = {isa = PBXFileReference; fileEncoding = 4; lastKnownFileType = sourcecode.c.objc; path = SearchTabBarViewController.m; sourceTree = "<group>"; };
		49C3BBF0158D5661003E196A /* SearchViewController.h */ = {isa = PBXFileReference; fileEncoding = 4; lastKnownFileType = sourcecode.c.h; path = SearchViewController.h; sourceTree = "<group>"; };
		49C3BBF1158D5661003E196A /* SearchViewController.m */ = {isa = PBXFileReference; fileEncoding = 4; lastKnownFileType = sourcecode.c.objc; path = SearchViewController.m; sourceTree = "<group>"; };
		49E7F70D1569A17C009AAA16 /* StreamTableViewController.h */ = {isa = PBXFileReference; fileEncoding = 4; lastKnownFileType = sourcecode.c.h; path = StreamTableViewController.h; sourceTree = "<group>"; };
		49E7F70E1569A17C009AAA16 /* StreamTableViewController.m */ = {isa = PBXFileReference; fileEncoding = 4; lastKnownFileType = sourcecode.c.objc; path = StreamTableViewController.m; sourceTree = "<group>"; };
		49E7F732156AD544009AAA16 /* MapKit.framework */ = {isa = PBXFileReference; lastKnownFileType = wrapper.framework; name = MapKit.framework; path = System/Library/Frameworks/MapKit.framework; sourceTree = SDKROOT; };
		49E7F734156AD54A009AAA16 /* ImageIO.framework */ = {isa = PBXFileReference; lastKnownFileType = wrapper.framework; name = ImageIO.framework; path = System/Library/Frameworks/ImageIO.framework; sourceTree = SDKROOT; };
		49E7F75C156ADE0B009AAA16 /* SDWebImage.xcodeproj */ = {isa = PBXFileReference; lastKnownFileType = "wrapper.pb-project"; name = SDWebImage.xcodeproj; path = ../SDWebImage/SDWebImage.xcodeproj; sourceTree = "<group>"; };
/* End PBXFileReference section */

/* Begin PBXFrameworksBuildPhase section */
		490619521566E7D30088D940 /* Frameworks */ = {
			isa = PBXFrameworksBuildPhase;
			buildActionMask = 2147483647;
			files = (
				4950C375157C486900CA7570 /* libSlidingMenu.a in Frameworks */,
				49E7F735156AD54A009AAA16 /* ImageIO.framework in Frameworks */,
				49E7F733156AD544009AAA16 /* MapKit.framework in Frameworks */,
				490619941566EECE0088D940 /* Accounts.framework in Frameworks */,
				490619921566ED630088D940 /* Twitter.framework in Frameworks */,
				4906195A1566E7D30088D940 /* UIKit.framework in Frameworks */,
				4906195C1566E7D30088D940 /* Foundation.framework in Frameworks */,
				4906195E1566E7D30088D940 /* CoreGraphics.framework in Frameworks */,
			);
			runOnlyForDeploymentPostprocessing = 0;
		};
		490619751566E7D40088D940 /* Frameworks */ = {
			isa = PBXFrameworksBuildPhase;
			buildActionMask = 2147483647;
			files = (
				4906197B1566E7D40088D940 /* SenTestingKit.framework in Frameworks */,
				4906197C1566E7D40088D940 /* UIKit.framework in Frameworks */,
				4906197D1566E7D40088D940 /* Foundation.framework in Frameworks */,
			);
			runOnlyForDeploymentPostprocessing = 0;
		};
/* End PBXFrameworksBuildPhase section */

/* Begin PBXGroup section */
		4906194A1566E7D30088D940 = {
			isa = PBXGroup;
			children = (
				4950C368157C46AE00CA7570 /* SlidingMenu.xcodeproj */,
				49E7F75C156ADE0B009AAA16 /* SDWebImage.xcodeproj */,
				4906195F1566E7D30088D940 /* Stwitter */,
				49BB55CE156B18D600E1285D /* Resources */,
				490619801566E7D40088D940 /* StwitterTests */,
				490619581566E7D30088D940 /* Frameworks */,
				490619561566E7D30088D940 /* Products */,
			);
			sourceTree = "<group>";
		};
		490619561566E7D30088D940 /* Products */ = {
			isa = PBXGroup;
			children = (
				490619551566E7D30088D940 /* Stwitter.app */,
				490619791566E7D40088D940 /* StwitterTests.octest */,
			);
			name = Products;
			sourceTree = "<group>";
		};
		490619581566E7D30088D940 /* Frameworks */ = {
			isa = PBXGroup;
			children = (
				49E7F734156AD54A009AAA16 /* ImageIO.framework */,
				49E7F732156AD544009AAA16 /* MapKit.framework */,
				490619931566EECE0088D940 /* Accounts.framework */,
				490619911566ED630088D940 /* Twitter.framework */,
				490619591566E7D30088D940 /* UIKit.framework */,
				4906195B1566E7D30088D940 /* Foundation.framework */,
				4906195D1566E7D30088D940 /* CoreGraphics.framework */,
				4906197A1566E7D40088D940 /* SenTestingKit.framework */,
			);
			name = Frameworks;
			sourceTree = "<group>";
		};
		4906195F1566E7D30088D940 /* Stwitter */ = {
			isa = PBXGroup;
			children = (
				49BB55E8156C16F000E1285D /* Network Facades */,
				49BB55DE156BF86E00E1285D /* Controllers */,
				49BB55DD156BF86200E1285D /* Models */,
				490619681566E7D30088D940 /* AppDelegate.h */,
				490619691566E7D30088D940 /* AppDelegate.m */,
				4906196B1566E7D30088D940 /* MainStoryboard.storyboard */,
				490619601566E7D30088D940 /* Supporting Files */,
			);
			path = Stwitter;
			sourceTree = "<group>";
		};
		490619601566E7D30088D940 /* Supporting Files */ = {
			isa = PBXGroup;
			children = (
				490619611566E7D30088D940 /* Stwitter-Info.plist */,
				490619621566E7D30088D940 /* InfoPlist.strings */,
				490619651566E7D30088D940 /* main.m */,
				490619671566E7D30088D940 /* Stwitter-Prefix.pch */,
			);
			name = "Supporting Files";
			sourceTree = "<group>";
		};
		490619801566E7D40088D940 /* StwitterTests */ = {
			isa = PBXGroup;
			children = (
				490619861566E7D40088D940 /* StwitterTests.h */,
				490619871566E7D40088D940 /* StwitterTests.m */,
				490619811566E7D40088D940 /* Supporting Files */,
			);
			path = StwitterTests;
			sourceTree = "<group>";
		};
		490619811566E7D40088D940 /* Supporting Files */ = {
			isa = PBXGroup;
			children = (
				490619821566E7D40088D940 /* StwitterTests-Info.plist */,
				490619831566E7D40088D940 /* InfoPlist.strings */,
			);
			name = "Supporting Files";
			sourceTree = "<group>";
		};
		4950C369157C46AE00CA7570 /* Products */ = {
			isa = PBXGroup;
			children = (
				4950C370157C46AF00CA7570 /* libSlidingMenu.a */,
			);
			name = Products;
			sourceTree = "<group>";
		};
		49BB55CE156B18D600E1285D /* Resources */ = {
			isa = PBXGroup;
			children = (
				49BB55D5156B25C300E1285D /* Icon.png */,
				49BB55CC156B18BF00E1285D /* Default.png */,
				49BB55CA156B18B600E1285D /* Default@2x.png */,
			);
			name = Resources;
			sourceTree = "<group>";
		};
		49BB55DD156BF86200E1285D /* Models */ = {
			isa = PBXGroup;
			children = (
				49BB55DF156BF8D700E1285D /* Tweet.h */,
				49BB55E0156BF8D700E1285D /* Tweet.m */,
				49BB55E2156BFF4600E1285D /* Trend.h */,
				49BB55E3156BFF4600E1285D /* Trend.m */,
			);
			name = Models;
			sourceTree = "<group>";
		};
		49BB55DE156BF86E00E1285D /* Controllers */ = {
			isa = PBXGroup;
			children = (
				4906196E1566E7D30088D940 /* AccountViewController.h */,
				4906196F1566E7D30088D940 /* AccountViewController.m */,
				490619711566E7D30088D940 /* TrendsViewController.h */,
				490619721566E7D30088D940 /* TrendsViewController.m */,
				49E7F70D1569A17C009AAA16 /* StreamTableViewController.h */,
				49E7F70E1569A17C009AAA16 /* StreamTableViewController.m */,
				49C3BBEA158D2373003E196A /* TrendsTableViewController.h */,
				49C3BBEB158D2373003E196A /* TrendsTableViewController.m */,
				49C3BBED158D51D8003E196A /* SearchTabBarViewController.h */,
				49C3BBEE158D51D8003E196A /* SearchTabBarViewController.m */,
				49C3BBF0158D5661003E196A /* SearchViewController.h */,
				49C3BBF1158D5661003E196A /* SearchViewController.m */,
			);
			name = Controllers;
			sourceTree = "<group>";
		};
		49BB55E8156C16F000E1285D /* Network Facades */ = {
			isa = PBXGroup;
			children = (
				49BB55E9156C16F000E1285D /* FilteredTwitterStream.h */,
				49BB55EA156C16F000E1285D /* FilteredTwitterStream.m */,
				49BB55EB156C16F000E1285D /* TrendsFetcher.h */,
				49BB55EC156C16F000E1285D /* TrendsFetcher.m */,
				49BB55ED156C16F000E1285D /* TwitterStream.h */,
				49BB55EE156C16F000E1285D /* TwitterStream.m */,
			);
			path = "Network Facades";
			sourceTree = "<group>";
		};
		49E7F75D156ADE0B009AAA16 /* Products */ = {
			isa = PBXGroup;
			children = (
				49E7F765156ADE0C009AAA16 /* libSDWebImage.a */,
				49E7F767156ADE0C009AAA16 /* libSDWebImageARC.a */,
			);
			name = Products;
			sourceTree = "<group>";
		};
/* End PBXGroup section */

/* Begin PBXNativeTarget section */
		490619541566E7D30088D940 /* Stwitter */ = {
			isa = PBXNativeTarget;
			buildConfigurationList = 4906198B1566E7D40088D940 /* Build configuration list for PBXNativeTarget "Stwitter" */;
			buildPhases = (
				490619511566E7D30088D940 /* Sources */,
				490619521566E7D30088D940 /* Frameworks */,
				490619531566E7D30088D940 /* Resources */,
			);
			buildRules = (
			);
			dependencies = (
				4950C374157C486100CA7570 /* PBXTargetDependency */,
			);
			name = Stwitter;
			productName = Stwitter;
			productReference = 490619551566E7D30088D940 /* Stwitter.app */;
			productType = "com.apple.product-type.application";
		};
		490619781566E7D40088D940 /* StwitterTests */ = {
			isa = PBXNativeTarget;
			buildConfigurationList = 4906198E1566E7D40088D940 /* Build configuration list for PBXNativeTarget "StwitterTests" */;
			buildPhases = (
				490619741566E7D40088D940 /* Sources */,
				490619751566E7D40088D940 /* Frameworks */,
				490619761566E7D40088D940 /* Resources */,
				490619771566E7D40088D940 /* ShellScript */,
			);
			buildRules = (
			);
			dependencies = (
				4906197F1566E7D40088D940 /* PBXTargetDependency */,
			);
			name = StwitterTests;
			productName = StwitterTests;
			productReference = 490619791566E7D40088D940 /* StwitterTests.octest */;
			productType = "com.apple.product-type.bundle";
		};
/* End PBXNativeTarget section */

/* Begin PBXProject section */
		4906194C1566E7D30088D940 /* Project object */ = {
			isa = PBXProject;
			attributes = {
				LastUpgradeCheck = 0430;
				ORGANIZATIONNAME = Self;
			};
			buildConfigurationList = 4906194F1566E7D30088D940 /* Build configuration list for PBXProject "Stwitter" */;
			compatibilityVersion = "Xcode 3.2";
			developmentRegion = English;
			hasScannedForEncodings = 0;
			knownRegions = (
				en,
			);
			mainGroup = 4906194A1566E7D30088D940;
			productRefGroup = 490619561566E7D30088D940 /* Products */;
			projectDirPath = "";
			projectReferences = (
				{
					ProductGroup = 49E7F75D156ADE0B009AAA16 /* Products */;
					ProjectRef = 49E7F75C156ADE0B009AAA16 /* SDWebImage.xcodeproj */;
				},
				{
					ProductGroup = 4950C369157C46AE00CA7570 /* Products */;
					ProjectRef = 4950C368157C46AE00CA7570 /* SlidingMenu.xcodeproj */;
				},
			);
			projectRoot = "";
			targets = (
				490619541566E7D30088D940 /* Stwitter */,
				490619781566E7D40088D940 /* StwitterTests */,
			);
		};
/* End PBXProject section */

/* Begin PBXReferenceProxy section */
		4950C370157C46AF00CA7570 /* libSlidingMenu.a */ = {
			isa = PBXReferenceProxy;
			fileType = archive.ar;
			path = libSlidingMenu.a;
			remoteRef = 4950C36F157C46AF00CA7570 /* PBXContainerItemProxy */;
			sourceTree = BUILT_PRODUCTS_DIR;
		};
		49E7F765156ADE0C009AAA16 /* libSDWebImage.a */ = {
			isa = PBXReferenceProxy;
			fileType = archive.ar;
			path = libSDWebImage.a;
			remoteRef = 49E7F764156ADE0C009AAA16 /* PBXContainerItemProxy */;
			sourceTree = BUILT_PRODUCTS_DIR;
		};
		49E7F767156ADE0C009AAA16 /* libSDWebImageARC.a */ = {
			isa = PBXReferenceProxy;
			fileType = archive.ar;
			path = libSDWebImageARC.a;
			remoteRef = 49E7F766156ADE0C009AAA16 /* PBXContainerItemProxy */;
			sourceTree = BUILT_PRODUCTS_DIR;
		};
/* End PBXReferenceProxy section */

/* Begin PBXResourcesBuildPhase section */
		490619531566E7D30088D940 /* Resources */ = {
			isa = PBXResourcesBuildPhase;
			buildActionMask = 2147483647;
			files = (
				490619641566E7D30088D940 /* InfoPlist.strings in Resources */,
				4906196D1566E7D30088D940 /* MainStoryboard.storyboard in Resources */,
				49BB55CB156B18B600E1285D /* Default@2x.png in Resources */,
				49BB55CD156B18BF00E1285D /* Default.png in Resources */,
				49BB55D6156B25C300E1285D /* Icon.png in Resources */,
			);
			runOnlyForDeploymentPostprocessing = 0;
		};
		490619761566E7D40088D940 /* Resources */ = {
			isa = PBXResourcesBuildPhase;
			buildActionMask = 2147483647;
			files = (
				490619851566E7D40088D940 /* InfoPlist.strings in Resources */,
			);
			runOnlyForDeploymentPostprocessing = 0;
		};
/* End PBXResourcesBuildPhase section */

/* Begin PBXShellScriptBuildPhase section */
		490619771566E7D40088D940 /* ShellScript */ = {
			isa = PBXShellScriptBuildPhase;
			buildActionMask = 2147483647;
			files = (
			);
			inputPaths = (
			);
			outputPaths = (
			);
			runOnlyForDeploymentPostprocessing = 0;
			shellPath = /bin/sh;
			shellScript = "# Run the unit tests in this test bundle.\n\"${SYSTEM_DEVELOPER_DIR}/Tools/RunUnitTests\"\n";
		};
/* End PBXShellScriptBuildPhase section */

/* Begin PBXSourcesBuildPhase section */
		490619511566E7D30088D940 /* Sources */ = {
			isa = PBXSourcesBuildPhase;
			buildActionMask = 2147483647;
			files = (
				490619661566E7D30088D940 /* main.m in Sources */,
				4906196A1566E7D30088D940 /* AppDelegate.m in Sources */,
				490619701566E7D30088D940 /* AccountViewController.m in Sources */,
				490619731566E7D30088D940 /* TrendsViewController.m in Sources */,
				49E7F70F1569A17C009AAA16 /* StreamTableViewController.m in Sources */,
				49BB55E1156BF8D700E1285D /* Tweet.m in Sources */,
				49BB55E4156BFF4600E1285D /* Trend.m in Sources */,
				49BB55EF156C16F000E1285D /* FilteredTwitterStream.m in Sources */,
				49BB55F0156C16F000E1285D /* TrendsFetcher.m in Sources */,
				49BB55F1156C16F000E1285D /* TwitterStream.m in Sources */,
				49C3BBEC158D2373003E196A /* TrendsTableViewController.m in Sources */,
				49C3BBEF158D51D8003E196A /* SearchTabBarViewController.m in Sources */,
				49C3BBF2158D5661003E196A /* SearchViewController.m in Sources */,
			);
			runOnlyForDeploymentPostprocessing = 0;
		};
		490619741566E7D40088D940 /* Sources */ = {
			isa = PBXSourcesBuildPhase;
			buildActionMask = 2147483647;
			files = (
				490619881566E7D40088D940 /* StwitterTests.m in Sources */,
			);
			runOnlyForDeploymentPostprocessing = 0;
		};
/* End PBXSourcesBuildPhase section */

/* Begin PBXTargetDependency section */
		4906197F1566E7D40088D940 /* PBXTargetDependency */ = {
			isa = PBXTargetDependency;
			target = 490619541566E7D30088D940 /* Stwitter */;
			targetProxy = 4906197E1566E7D40088D940 /* PBXContainerItemProxy */;
		};
		4950C374157C486100CA7570 /* PBXTargetDependency */ = {
			isa = PBXTargetDependency;
			name = SlidingMenu;
			targetProxy = 4950C373157C486100CA7570 /* PBXContainerItemProxy */;
		};
/* End PBXTargetDependency section */

/* Begin PBXVariantGroup section */
		490619621566E7D30088D940 /* InfoPlist.strings */ = {
			isa = PBXVariantGroup;
			children = (
				490619631566E7D30088D940 /* en */,
			);
			name = InfoPlist.strings;
			sourceTree = "<group>";
		};
		4906196B1566E7D30088D940 /* MainStoryboard.storyboard */ = {
			isa = PBXVariantGroup;
			children = (
				4906196C1566E7D30088D940 /* en */,
			);
			name = MainStoryboard.storyboard;
			sourceTree = "<group>";
		};
		490619831566E7D40088D940 /* InfoPlist.strings */ = {
			isa = PBXVariantGroup;
			children = (
				490619841566E7D40088D940 /* en */,
			);
			name = InfoPlist.strings;
			sourceTree = "<group>";
		};
/* End PBXVariantGroup section */

/* Begin XCBuildConfiguration section */
		490619891566E7D40088D940 /* Debug */ = {
			isa = XCBuildConfiguration;
			buildSettings = {
				ALWAYS_SEARCH_USER_PATHS = YES;
				ARCHS = "$(ARCHS_STANDARD_32_BIT)";
				CLANG_ENABLE_OBJC_ARC = NO;
				"CODE_SIGN_IDENTITY[sdk=iphoneos*]" = "iPhone Developer";
				COPY_PHASE_STRIP = NO;
				GCC_C_LANGUAGE_STANDARD = gnu99;
				GCC_DYNAMIC_NO_PIC = NO;
				GCC_OPTIMIZATION_LEVEL = 0;
				GCC_PREPROCESSOR_DEFINITIONS = (
					"DEBUG=1",
					"$(inherited)",
				);
				GCC_SYMBOLS_PRIVATE_EXTERN = NO;
				GCC_VERSION = com.apple.compilers.llvm.clang.1_0;
				GCC_WARN_ABOUT_RETURN_TYPE = YES;
				GCC_WARN_UNINITIALIZED_AUTOS = YES;
				GCC_WARN_UNUSED_VARIABLE = YES;
				HEADER_SEARCH_PATHS = (
					"“$(BUILT_PRODUCTS_DIR)”/**",
					"”$(OBJROOT)/UninstalledProducts/include”/**",
					"”$(TARGET_BUILD_DIR)/usr/local/lib/include”/**",
				);
				IPHONEOS_DEPLOYMENT_TARGET = 5.0;
				SCAN_ALL_SOURCE_FILES_FOR_INCLUDES = NO;
				SDKROOT = iphoneos;
				USER_HEADER_SEARCH_PATHS = "”$(TARGET_BUILD_DIR)/usr/local/lib/include”/** ”$(OBJROOT)/UninstalledProducts/include”/** “$(BUILT_PRODUCTS_DIR)”/**";
			};
			name = Debug;
		};
		4906198A1566E7D40088D940 /* Release */ = {
			isa = XCBuildConfiguration;
			buildSettings = {
				ALWAYS_SEARCH_USER_PATHS = YES;
				ARCHS = "$(ARCHS_STANDARD_32_BIT)";
				CLANG_ENABLE_OBJC_ARC = NO;
				"CODE_SIGN_IDENTITY[sdk=iphoneos*]" = "iPhone Developer";
				COPY_PHASE_STRIP = YES;
				GCC_C_LANGUAGE_STANDARD = gnu99;
				GCC_VERSION = com.apple.compilers.llvm.clang.1_0;
				GCC_WARN_ABOUT_RETURN_TYPE = YES;
				GCC_WARN_UNINITIALIZED_AUTOS = YES;
				GCC_WARN_UNUSED_VARIABLE = YES;
				HEADER_SEARCH_PATHS = (
					"“$(BUILT_PRODUCTS_DIR)”/**",
					"”$(OBJROOT)/UninstalledProducts/include”/**",
					"”$(TARGET_BUILD_DIR)/usr/local/lib/include”/**",
				);
				IPHONEOS_DEPLOYMENT_TARGET = 5.0;
				OTHER_CFLAGS = "-DNS_BLOCK_ASSERTIONS=1";
				SCAN_ALL_SOURCE_FILES_FOR_INCLUDES = NO;
				SDKROOT = iphoneos;
				USER_HEADER_SEARCH_PATHS = "”$(TARGET_BUILD_DIR)/usr/local/lib/include”/** ”$(OBJROOT)/UninstalledProducts/include”/** “$(BUILT_PRODUCTS_DIR)”/**";
				VALIDATE_PRODUCT = YES;
			};
			name = Release;
		};
		4906198C1566E7D40088D940 /* Debug */ = {
			isa = XCBuildConfiguration;
			buildSettings = {
				ALWAYS_SEARCH_USER_PATHS = YES;
				CODE_SIGN_IDENTITY = "iPhone Developer: Andrew Long (L22NM6343J)";
				"CODE_SIGN_IDENTITY[sdk=iphoneos*]" = "iPhone Developer: Andrew Long (L22NM6343J)";
				GCC_PRECOMPILE_PREFIX_HEADER = YES;
				GCC_PREFIX_HEADER = "Stwitter/Stwitter-Prefix.pch";
				HEADER_SEARCH_PATHS = (
					"\"$(OBJROOT)/UninstalledProducts/include\"/**",
					"”$(TARGET_BUILD_DIR)/usr/local/lib/include”/**",
				);
				INFOPLIST_FILE = "Stwitter/Stwitter-Info.plist";
				IPHONEOS_DEPLOYMENT_TARGET = 5.0;
				OTHER_LDFLAGS = (
					"-ObjC",
					"-all_load",
				);
				PRODUCT_NAME = "$(TARGET_NAME)";
				PROVISIONING_PROFILE = "21378F7D-3918-4938-A5EB-3FE8436108F5";
				"PROVISIONING_PROFILE[sdk=iphoneos*]" = "21378F7D-3918-4938-A5EB-3FE8436108F5";
				TARGETED_DEVICE_FAMILY = "1,2";
				USER_HEADER_SEARCH_PATHS = "\"${TARGET_BUILD_DIR}\"/** “$(BUILT_PRODUCTS_DIR)”/**";
				WRAPPER_EXTENSION = app;
			};
			name = Debug;
		};
		4906198D1566E7D40088D940 /* Release */ = {
			isa = XCBuildConfiguration;
			buildSettings = {
				ALWAYS_SEARCH_USER_PATHS = YES;
				CODE_SIGN_IDENTITY = "iPhone Developer: Andrew Long (L22NM6343J)";
				"CODE_SIGN_IDENTITY[sdk=iphoneos*]" = "iPhone Distribution: Andrew Long";
				GCC_PRECOMPILE_PREFIX_HEADER = YES;
				GCC_PREFIX_HEADER = "Stwitter/Stwitter-Prefix.pch";
				HEADER_SEARCH_PATHS = (
					"\"$(OBJROOT)/UninstalledProducts/include\"",
					"”$(TARGET_BUILD_DIR)/usr/local/lib/include”",
				);
				INFOPLIST_FILE = "Stwitter/Stwitter-Info.plist";
				IPHONEOS_DEPLOYMENT_TARGET = 5.0;
				OTHER_LDFLAGS = (
					"-ObjC",
					"-all_load",
				);
				PRODUCT_NAME = "$(TARGET_NAME)";
				PROVISIONING_PROFILE = "21378F7D-3918-4938-A5EB-3FE8436108F5";
				"PROVISIONING_PROFILE[sdk=iphoneos*]" = "";
				TARGETED_DEVICE_FAMILY = "1,2";
				USER_HEADER_SEARCH_PATHS = "“$(BUILT_PRODUCTS_DIR)”/** \"$(BUILD_ROOT)\"/../IntermediateBuildFilesPath/UninstalledProducts/**";
				WRAPPER_EXTENSION = app;
			};
			name = Release;
		};
		4906198F1566E7D40088D940 /* Debug */ = {
			isa = XCBuildConfiguration;
			buildSettings = {
				BUNDLE_LOADER = "$(BUILT_PRODUCTS_DIR)/Stwitter.app/Stwitter";
				FRAMEWORK_SEARCH_PATHS = (
					"$(SDKROOT)/Developer/Library/Frameworks",
					"$(DEVELOPER_LIBRARY_DIR)/Frameworks",
				);
				GCC_PRECOMPILE_PREFIX_HEADER = YES;
				GCC_PREFIX_HEADER = "Stwitter/Stwitter-Prefix.pch";
				INFOPLIST_FILE = "StwitterTests/StwitterTests-Info.plist";
				PRODUCT_NAME = "$(TARGET_NAME)";
				TEST_HOST = "$(BUNDLE_LOADER)";
				WRAPPER_EXTENSION = octest;
			};
			name = Debug;
		};
		490619901566E7D40088D940 /* Release */ = {
			isa = XCBuildConfiguration;
			buildSettings = {
				BUNDLE_LOADER = "$(BUILT_PRODUCTS_DIR)/Stwitter.app/Stwitter";
				FRAMEWORK_SEARCH_PATHS = (
					"$(SDKROOT)/Developer/Library/Frameworks",
					"$(DEVELOPER_LIBRARY_DIR)/Frameworks",
				);
				GCC_PRECOMPILE_PREFIX_HEADER = YES;
				GCC_PREFIX_HEADER = "Stwitter/Stwitter-Prefix.pch";
				INFOPLIST_FILE = "StwitterTests/StwitterTests-Info.plist";
				PRODUCT_NAME = "$(TARGET_NAME)";
				TEST_HOST = "$(BUNDLE_LOADER)";
				WRAPPER_EXTENSION = octest;
			};
			name = Release;
		};
/* End XCBuildConfiguration section */

/* Begin XCConfigurationList section */
		4906194F1566E7D30088D940 /* Build configuration list for PBXProject "Stwitter" */ = {
			isa = XCConfigurationList;
			buildConfigurations = (
				490619891566E7D40088D940 /* Debug */,
				4906198A1566E7D40088D940 /* Release */,
			);
			defaultConfigurationIsVisible = 0;
			defaultConfigurationName = Release;
		};
		4906198B1566E7D40088D940 /* Build configuration list for PBXNativeTarget "Stwitter" */ = {
			isa = XCConfigurationList;
			buildConfigurations = (
				4906198C1566E7D40088D940 /* Debug */,
				4906198D1566E7D40088D940 /* Release */,
			);
			defaultConfigurationIsVisible = 0;
			defaultConfigurationName = Release;
		};
		4906198E1566E7D40088D940 /* Build configuration list for PBXNativeTarget "StwitterTests" */ = {
			isa = XCConfigurationList;
			buildConfigurations = (
				4906198F1566E7D40088D940 /* Debug */,
				490619901566E7D40088D940 /* Release */,
			);
			defaultConfigurationIsVisible = 0;
			defaultConfigurationName = Release;
		};
/* End XCConfigurationList section */
	};
	rootObject = 4906194C1566E7D30088D940 /* Project object */;
}
